// !$*UTF8*$!
{
	archiveVersion = 1;
	classes = {
	};
	objectVersion = 56;
	objects = {

/* Begin PBXBuildFile section */
		331246192B0D89BA0026DA15 /* BearCourseHubApp.swift in Sources */ = {isa = PBXBuildFile; fileRef = 331246182B0D89BA0026DA15 /* BearCourseHubApp.swift */; };
		3312461B2B0D89BA0026DA15 /* ContentView.swift in Sources */ = {isa = PBXBuildFile; fileRef = 3312461A2B0D89BA0026DA15 /* ContentView.swift */; };
		3312461F2B0D89BB0026DA15 /* Assets.xcassets in Resources */ = {isa = PBXBuildFile; fileRef = 3312461E2B0D89BB0026DA15 /* Assets.xcassets */; };
		331246222B0D89BB0026DA15 /* Preview Assets.xcassets in Resources */ = {isa = PBXBuildFile; fileRef = 331246212B0D89BB0026DA15 /* Preview Assets.xcassets */; };
		331246292B0D8A580026DA15 /* AppInfoView.swift in Sources */ = {isa = PBXBuildFile; fileRef = 331246282B0D8A580026DA15 /* AppInfoView.swift */; };
		3312462B2B0D8B200026DA15 /* MyCoursesView.swift in Sources */ = {isa = PBXBuildFile; fileRef = 3312462A2B0D8B200026DA15 /* MyCoursesView.swift */; };
		3312462D2B0D8B6D0026DA15 /* AllCoursesView.swift in Sources */ = {isa = PBXBuildFile; fileRef = 3312462C2B0D8B6D0026DA15 /* AllCoursesView.swift */; };
		3312462F2B0DA7DE0026DA15 /* Course.swift in Sources */ = {isa = PBXBuildFile; fileRef = 3312462E2B0DA7DE0026DA15 /* Course.swift */; };
		339D1B5D2B0EAC210066BCDC /* CourseView.swift in Sources */ = {isa = PBXBuildFile; fileRef = 339D1B5C2B0EAC210066BCDC /* CourseView.swift */; };
/* End PBXBuildFile section */

/* Begin PBXFileReference section */
		331246152B0D89B90026DA15 /* BearCourseHub.app */ = {isa = PBXFileReference; explicitFileType = wrapper.application; includeInIndex = 0; path = BearCourseHub.app; sourceTree = BUILT_PRODUCTS_DIR; };
		331246182B0D89BA0026DA15 /* BearCourseHubApp.swift */ = {isa = PBXFileReference; lastKnownFileType = sourcecode.swift; path = BearCourseHubApp.swift; sourceTree = "<group>"; };
		3312461A2B0D89BA0026DA15 /* ContentView.swift */ = {isa = PBXFileReference; lastKnownFileType = sourcecode.swift; path = ContentView.swift; sourceTree = "<group>"; };
		3312461E2B0D89BB0026DA15 /* Assets.xcassets */ = {isa = PBXFileReference; lastKnownFileType = folder.assetcatalog; path = Assets.xcassets; sourceTree = "<group>"; };
		331246212B0D89BB0026DA15 /* Preview Assets.xcassets */ = {isa = PBXFileReference; lastKnownFileType = folder.assetcatalog; path = "Preview Assets.xcassets"; sourceTree = "<group>"; };
		331246282B0D8A580026DA15 /* AppInfoView.swift */ = {isa = PBXFileReference; lastKnownFileType = sourcecode.swift; path = AppInfoView.swift; sourceTree = "<group>"; };
		3312462A2B0D8B200026DA15 /* MyCoursesView.swift */ = {isa = PBXFileReference; lastKnownFileType = sourcecode.swift; path = MyCoursesView.swift; sourceTree = "<group>"; };
		3312462C2B0D8B6D0026DA15 /* AllCoursesView.swift */ = {isa = PBXFileReference; lastKnownFileType = sourcecode.swift; path = AllCoursesView.swift; sourceTree = "<group>"; };
		3312462E2B0DA7DE0026DA15 /* Course.swift */ = {isa = PBXFileReference; lastKnownFileType = sourcecode.swift; path = Course.swift; sourceTree = "<group>"; };
		339D1B5C2B0EAC210066BCDC /* CourseView.swift */ = {isa = PBXFileReference; lastKnownFileType = sourcecode.swift; path = CourseView.swift; sourceTree = "<group>"; };
/* End PBXFileReference section */

/* Begin PBXFrameworksBuildPhase section */
		331246122B0D89B90026DA15 /* Frameworks */ = {
			isa = PBXFrameworksBuildPhase;
			buildActionMask = 2147483647;
			files = (
			);
			runOnlyForDeploymentPostprocessing = 0;
		};
/* End PBXFrameworksBuildPhase section */

/* Begin PBXGroup section */
		3312460C2B0D89B90026DA15 = {
			isa = PBXGroup;
			children = (
				331246172B0D89BA0026DA15 /* BearCourseHub */,
				331246162B0D89B90026DA15 /* Products */,
			);
			sourceTree = "<group>";
		};
		331246162B0D89B90026DA15 /* Products */ = {
			isa = PBXGroup;
			children = (
				331246152B0D89B90026DA15 /* BearCourseHub.app */,
			);
			name = Products;
			sourceTree = "<group>";
		};
		331246172B0D89BA0026DA15 /* BearCourseHub */ = {
			isa = PBXGroup;
			children = (
				331246182B0D89BA0026DA15 /* BearCourseHubApp.swift */,
				3312461A2B0D89BA0026DA15 /* ContentView.swift */,
				3312462C2B0D8B6D0026DA15 /* AllCoursesView.swift */,
				339D1B5C2B0EAC210066BCDC /* CourseView.swift */,
				3312462A2B0D8B200026DA15 /* MyCoursesView.swift */,
				331246282B0D8A580026DA15 /* AppInfoView.swift */,
				3312462E2B0DA7DE0026DA15 /* Course.swift */,
				3312461E2B0D89BB0026DA15 /* Assets.xcassets */,
				331246202B0D89BB0026DA15 /* Preview Content */,
			);
			path = BearCourseHub;
			sourceTree = "<group>";
		};
		331246202B0D89BB0026DA15 /* Preview Content */ = {
			isa = PBXGroup;
			children = (
				331246212B0D89BB0026DA15 /* Preview Assets.xcassets */,
			);
			path = "Preview Content";
			sourceTree = "<group>";
		};
/* End PBXGroup section */

/* Begin PBXNativeTarget section */
		331246142B0D89B90026DA15 /* BearCourseHub */ = {
			isa = PBXNativeTarget;
			buildConfigurationList = 331246252B0D89BB0026DA15 /* Build configuration list for PBXNativeTarget "BearCourseHub" */;
			buildPhases = (
				331246112B0D89B90026DA15 /* Sources */,
				331246122B0D89B90026DA15 /* Frameworks */,
				331246132B0D89B90026DA15 /* Resources */,
			);
			buildRules = (
			);
			dependencies = (
			);
			name = BearCourseHub;
			productName = BearCourseHub;
			productReference = 331246152B0D89B90026DA15 /* BearCourseHub.app */;
			productType = "com.apple.product-type.application";
		};
/* End PBXNativeTarget section */

/* Begin PBXProject section */
		3312460D2B0D89B90026DA15 /* Project object */ = {
			isa = PBXProject;
			attributes = {
				BuildIndependentTargetsInParallel = 1;
				LastSwiftUpdateCheck = 1500;
				LastUpgradeCheck = 1500;
				TargetAttributes = {
					331246142B0D89B90026DA15 = {
						CreatedOnToolsVersion = 15.0;
					};
				};
			};
			buildConfigurationList = 331246102B0D89B90026DA15 /* Build configuration list for PBXProject "BearCourseHub" */;
			compatibilityVersion = "Xcode 14.0";
			developmentRegion = en;
			hasScannedForEncodings = 0;
			knownRegions = (
				en,
				Base,
			);
			mainGroup = 3312460C2B0D89B90026DA15;
			productRefGroup = 331246162B0D89B90026DA15 /* Products */;
			projectDirPath = "";
			projectRoot = "";
			targets = (
				331246142B0D89B90026DA15 /* BearCourseHub */,
			);
		};
/* End PBXProject section */

/* Begin PBXResourcesBuildPhase section */
		331246132B0D89B90026DA15 /* Resources */ = {
			isa = PBXResourcesBuildPhase;
			buildActionMask = 2147483647;
			files = (
				331246222B0D89BB0026DA15 /* Preview Assets.xcassets in Resources */,
				3312461F2B0D89BB0026DA15 /* Assets.xcassets in Resources */,
			);
			runOnlyForDeploymentPostprocessing = 0;
		};
/* End PBXResourcesBuildPhase section */

/* Begin PBXSourcesBuildPhase section */
		331246112B0D89B90026DA15 /* Sources */ = {
			isa = PBXSourcesBuildPhase;
			buildActionMask = 2147483647;
			files = (
				3312462F2B0DA7DE0026DA15 /* Course.swift in Sources */,
				339D1B5D2B0EAC210066BCDC /* CourseView.swift in Sources */,
				3312462D2B0D8B6D0026DA15 /* AllCoursesView.swift in Sources */,
				331246292B0D8A580026DA15 /* AppInfoView.swift in Sources */,
				3312461B2B0D89BA0026DA15 /* ContentView.swift in Sources */,
				331246192B0D89BA0026DA15 /* BearCourseHubApp.swift in Sources */,
				3312462B2B0D8B200026DA15 /* MyCoursesView.swift in Sources */,
			);
			runOnlyForDeploymentPostprocessing = 0;
		};
/* End PBXSourcesBuildPhase section */

/* Begin XCBuildConfiguration section */
		331246232B0D89BB0026DA15 /* Debug */ = {
			isa = XCBuildConfiguration;
			buildSettings = {
				ALWAYS_SEARCH_USER_PATHS = NO;
				ASSETCATALOG_COMPILER_GENERATE_SWIFT_ASSET_SYMBOL_EXTENSIONS = YES;
				CLANG_ANALYZER_NONNULL = YES;
				CLANG_ANALYZER_NUMBER_OBJECT_CONVERSION = YES_AGGRESSIVE;
				CLANG_CXX_LANGUAGE_STANDARD = "gnu++20";
				CLANG_ENABLE_MODULES = YES;
				CLANG_ENABLE_OBJC_ARC = YES;
				CLANG_ENABLE_OBJC_WEAK = YES;
				CLANG_WARN_BLOCK_CAPTURE_AUTORELEASING = YES;
				CLANG_WARN_BOOL_CONVERSION = YES;
				CLANG_WARN_COMMA = YES;
				CLANG_WARN_CONSTANT_CONVERSION = YES;
				CLANG_WARN_DEPRECATED_OBJC_IMPLEMENTATIONS = YES;
				CLANG_WARN_DIRECT_OBJC_ISA_USAGE = YES_ERROR;
				CLANG_WARN_DOCUMENTATION_COMMENTS = YES;
				CLANG_WARN_EMPTY_BODY = YES;
				CLANG_WARN_ENUM_CONVERSION = YES;
				CLANG_WARN_INFINITE_RECURSION = YES;
				CLANG_WARN_INT_CONVERSION = YES;
				CLANG_WARN_NON_LITERAL_NULL_CONVERSION = YES;
				CLANG_WARN_OBJC_IMPLICIT_RETAIN_SELF = YES;
				CLANG_WARN_OBJC_LITERAL_CONVERSION = YES;
				CLANG_WARN_OBJC_ROOT_CLASS = YES_ERROR;
				CLANG_WARN_QUOTED_INCLUDE_IN_FRAMEWORK_HEADER = YES;
				CLANG_WARN_RANGE_LOOP_ANALYSIS = YES;
				CLANG_WARN_STRICT_PROTOTYPES = YES;
				CLANG_WARN_SUSPICIOUS_MOVE = YES;
				CLANG_WARN_UNGUARDED_AVAILABILITY = YES_AGGRESSIVE;
				CLANG_WARN_UNREACHABLE_CODE = YES;
				CLANG_WARN__DUPLICATE_METHOD_MATCH = YES;
				COPY_PHASE_STRIP = NO;
				DEBUG_INFORMATION_FORMAT = dwarf;
				ENABLE_STRICT_OBJC_MSGSEND = YES;
				ENABLE_TESTABILITY = YES;
				ENABLE_USER_SCRIPT_SANDBOXING = YES;
				GCC_C_LANGUAGE_STANDARD = gnu17;
				GCC_DYNAMIC_NO_PIC = NO;
				GCC_NO_COMMON_BLOCKS = YES;
				GCC_OPTIMIZATION_LEVEL = 0;
				GCC_PREPROCESSOR_DEFINITIONS = (
					"DEBUG=1",
					"$(inherited)",
				);
				GCC_WARN_64_TO_32_BIT_CONVERSION = YES;
				GCC_WARN_ABOUT_RETURN_TYPE = YES_ERROR;
				GCC_WARN_UNDECLARED_SELECTOR = YES;
				GCC_WARN_UNINITIALIZED_AUTOS = YES_AGGRESSIVE;
				GCC_WARN_UNUSED_FUNCTION = YES;
				GCC_WARN_UNUSED_VARIABLE = YES;
				IPHONEOS_DEPLOYMENT_TARGET = 17.0;
				LOCALIZATION_PREFERS_STRING_CATALOGS = YES;
				MTL_ENABLE_DEBUG_INFO = INCLUDE_SOURCE;
				MTL_FAST_MATH = YES;
				ONLY_ACTIVE_ARCH = YES;
				SDKROOT = iphoneos;
				SWIFT_ACTIVE_COMPILATION_CONDITIONS = "DEBUG $(inherited)";
				SWIFT_OPTIMIZATION_LEVEL = "-Onone";
			};
			name = Debug;
		};
		331246242B0D89BB0026DA15 /* Release */ = {
			isa = XCBuildConfiguration;
			buildSettings = {
				ALWAYS_SEARCH_USER_PATHS = NO;
				ASSETCATALOG_COMPILER_GENERATE_SWIFT_ASSET_SYMBOL_EXTENSIONS = YES;
				CLANG_ANALYZER_NONNULL = YES;
				CLANG_ANALYZER_NUMBER_OBJECT_CONVERSION = YES_AGGRESSIVE;
				CLANG_CXX_LANGUAGE_STANDARD = "gnu++20";
				CLANG_ENABLE_MODULES = YES;
				CLANG_ENABLE_OBJC_ARC = YES;
				CLANG_ENABLE_OBJC_WEAK = YES;
				CLANG_WARN_BLOCK_CAPTURE_AUTORELEASING = YES;
				CLANG_WARN_BOOL_CONVERSION = YES;
				CLANG_WARN_COMMA = YES;
				CLANG_WARN_CONSTANT_CONVERSION = YES;
				CLANG_WARN_DEPRECATED_OBJC_IMPLEMENTATIONS = YES;
				CLANG_WARN_DIRECT_OBJC_ISA_USAGE = YES_ERROR;
				CLANG_WARN_DOCUMENTATION_COMMENTS = YES;
				CLANG_WARN_EMPTY_BODY = YES;
				CLANG_WARN_ENUM_CONVERSION = YES;
				CLANG_WARN_INFINITE_RECURSION = YES;
				CLANG_WARN_INT_CONVERSION = YES;
				CLANG_WARN_NON_LITERAL_NULL_CONVERSION = YES;
				CLANG_WARN_OBJC_IMPLICIT_RETAIN_SELF = YES;
				CLANG_WARN_OBJC_LITERAL_CONVERSION = YES;
				CLANG_WARN_OBJC_ROOT_CLASS = YES_ERROR;
				CLANG_WARN_QUOTED_INCLUDE_IN_FRAMEWORK_HEADER = YES;
				CLANG_WARN_RANGE_LOOP_ANALYSIS = YES;
				CLANG_WARN_STRICT_PROTOTYPES = YES;
				CLANG_WARN_SUSPICIOUS_MOVE = YES;
				CLANG_WARN_UNGUARDED_AVAILABILITY = YES_AGGRESSIVE;
				CLANG_WARN_UNREACHABLE_CODE = YES;
				CLANG_WARN__DUPLICATE_METHOD_MATCH = YES;
				COPY_PHASE_STRIP = NO;
				DEBUG_INFORMATION_FORMAT = "dwarf-with-dsym";
				ENABLE_NS_ASSERTIONS = NO;
				ENABLE_STRICT_OBJC_MSGSEND = YES;
				ENABLE_USER_SCRIPT_SANDBOXING = YES;
				GCC_C_LANGUAGE_STANDARD = gnu17;
				GCC_NO_COMMON_BLOCKS = YES;
				GCC_WARN_64_TO_32_BIT_CONVERSION = YES;
				GCC_WARN_ABOUT_RETURN_TYPE = YES_ERROR;
				GCC_WARN_UNDECLARED_SELECTOR = YES;
				GCC_WARN_UNINITIALIZED_AUTOS = YES_AGGRESSIVE;
				GCC_WARN_UNUSED_FUNCTION = YES;
				GCC_WARN_UNUSED_VARIABLE = YES;
				IPHONEOS_DEPLOYMENT_TARGET = 17.0;
				LOCALIZATION_PREFERS_STRING_CATALOGS = YES;
				MTL_ENABLE_DEBUG_INFO = NO;
				MTL_FAST_MATH = YES;
				SDKROOT = iphoneos;
				SWIFT_COMPILATION_MODE = wholemodule;
				VALIDATE_PRODUCT = YES;
			};
			name = Release;
		};
		331246262B0D89BB0026DA15 /* Debug */ = {
			isa = XCBuildConfiguration;
			buildSettings = {
				ASSETCATALOG_COMPILER_APPICON_NAME = AppIcon;
				ASSETCATALOG_COMPILER_GLOBAL_ACCENT_COLOR_NAME = AccentColor;
				CODE_SIGN_STYLE = Automatic;
				CURRENT_PROJECT_VERSION = 1;
				DEVELOPMENT_ASSET_PATHS = "\"BearCourseHub/Preview Content\"";
				DEVELOPMENT_TEAM = A3RJ9S28AU;
				ENABLE_PREVIEWS = YES;
				GENERATE_INFOPLIST_FILE = YES;
				INFOPLIST_KEY_UIApplicationSceneManifest_Generation = YES;
				INFOPLIST_KEY_UIApplicationSupportsIndirectInputEvents = YES;
				INFOPLIST_KEY_UILaunchScreen_Generation = YES;
				INFOPLIST_KEY_UISupportedInterfaceOrientations_iPad = "UIInterfaceOrientationPortrait UIInterfaceOrientationPortraitUpsideDown UIInterfaceOrientationLandscapeLeft UIInterfaceOrientationLandscapeRight";
				INFOPLIST_KEY_UISupportedInterfaceOrientations_iPhone = "UIInterfaceOrientationPortrait UIInterfaceOrientationLandscapeLeft UIInterfaceOrientationLandscapeRight";
				LD_RUNPATH_SEARCH_PATHS = (
					"$(inherited)",
					"@executable_path/Frameworks",
				);
				MARKETING_VERSION = 1.0;
				PRODUCT_BUNDLE_IDENTIFIER = com.wkaiz.BearCourseHub;
				PRODUCT_NAME = "$(TARGET_NAME)";
				SWIFT_EMIT_LOC_STRINGS = YES;
				SWIFT_VERSION = 5.0;
				TARGETED_DEVICE_FAMILY = "1,2";
			};
			name = Debug;
		};
		331246272B0D89BB0026DA15 /* Release */ = {
			isa = XCBuildConfiguration;
			buildSettings = {
				ASSETCATALOG_COMPILER_APPICON_NAME = AppIcon;
				ASSETCATALOG_COMPILER_GLOBAL_ACCENT_COLOR_NAME = AccentColor;
				CODE_SIGN_STYLE = Automatic;
				CURRENT_PROJECT_VERSION = 1;
				DEVELOPMENT_ASSET_PATHS = "\"BearCourseHub/Preview Content\"";
				DEVELOPMENT_TEAM = A3RJ9S28AU;
				ENABLE_PREVIEWS = YES;
				GENERATE_INFOPLIST_FILE = YES;
				INFOPLIST_KEY_UIApplicationSceneManifest_Generation = YES;
				INFOPLIST_KEY_UIApplicationSupportsIndirectInputEvents = YES;
				INFOPLIST_KEY_UILaunchScreen_Generation = YES;
				INFOPLIST_KEY_UISupportedInterfaceOrientations_iPad = "UIInterfaceOrientationPortrait UIInterfaceOrientationPortraitUpsideDown UIInterfaceOrientationLandscapeLeft UIInterfaceOrientationLandscapeRight";
				INFOPLIST_KEY_UISupportedInterfaceOrientations_iPhone = "UIInterfaceOrientationPortrait UIInterfaceOrientationLandscapeLeft UIInterfaceOrientationLandscapeRight";
				LD_RUNPATH_SEARCH_PATHS = (
					"$(inherited)",
					"@executable_path/Frameworks",
				);
				MARKETING_VERSION = 1.0;
				PRODUCT_BUNDLE_IDENTIFIER = com.wkaiz.BearCourseHub;
				PRODUCT_NAME = "$(TARGET_NAME)";
				SWIFT_EMIT_LOC_STRINGS = YES;
				SWIFT_VERSION = 5.0;
				TARGETED_DEVICE_FAMILY = "1,2";
			};
			name = Release;
		};
/* End XCBuildConfiguration section */

/* Begin XCConfigurationList section */
		331246102B0D89B90026DA15 /* Build configuration list for PBXProject "BearCourseHub" */ = {
			isa = XCConfigurationList;
			buildConfigurations = (
				331246232B0D89BB0026DA15 /* Debug */,
				331246242B0D89BB0026DA15 /* Release */,
			);
			defaultConfigurationIsVisible = 0;
			defaultConfigurationName = Release;
		};
		331246252B0D89BB0026DA15 /* Build configuration list for PBXNativeTarget "BearCourseHub" */ = {
			isa = XCConfigurationList;
			buildConfigurations = (
				331246262B0D89BB0026DA15 /* Debug */,
				331246272B0D89BB0026DA15 /* Release */,
			);
			defaultConfigurationIsVisible = 0;
			defaultConfigurationName = Release;
		};
/* End XCConfigurationList section */
	};
	rootObject = 3312460D2B0D89B90026DA15 /* Project object */;
}
